// !$*UTF8*$!
{
	archiveVersion = 1;
	classes = {
	};
	objectVersion = 77;
	objects = {

/* Begin PBXBuildFile section */
		EFA4C8982D7AEC800081F7EB /* ContentView.swift in Sources */ = {isa = PBXBuildFile; fileRef = EFA4C8952D7AEC800081F7EB /* ContentView.swift */; };
		EFA4C8992D7AEC800081F7EB /* MovieAPICombineApp.swift in Sources */ = {isa = PBXBuildFile; fileRef = EFA4C8962D7AEC800081F7EB /* MovieAPICombineApp.swift */; };
		EFA4C89A2D7AEC800081F7EB /* Preview Assets.xcassets in Resources */ = {isa = PBXBuildFile; fileRef = EFA4C8922D7AEC800081F7EB /* Preview Assets.xcassets */; };
		EFA4C89B2D7AEC800081F7EB /* Assets.xcassets in Resources */ = {isa = PBXBuildFile; fileRef = EFA4C8942D7AEC800081F7EB /* Assets.xcassets */; };
		EFA4C89E2D7AECA40081F7EB /* Movie.swift in Sources */ = {isa = PBXBuildFile; fileRef = EFA4C89C2D7AECA40081F7EB /* Movie.swift */; };
		EFA4C8A12D7AECDE0081F7EB /* HTTPClient.swift in Sources */ = {isa = PBXBuildFile; fileRef = EFA4C89F2D7AECDE0081F7EB /* HTTPClient.swift */; };
		EFA4C8A42D7AED060081F7EB /* String+Ext.swift in Sources */ = {isa = PBXBuildFile; fileRef = EFA4C8A22D7AED060081F7EB /* String+Ext.swift */; };
		EFA4C8A72D7B00890081F7EB /* Secrets.plist in Resources */ = {isa = PBXBuildFile; fileRef = EFA4C8A62D7B00890081F7EB /* Secrets.plist */; };
		EFA4C8A92D7B00CF0081F7EB /* APIKeys.swift in Sources */ = {isa = PBXBuildFile; fileRef = EFA4C8A82D7B00CF0081F7EB /* APIKeys.swift */; };
/* End PBXBuildFile section */

/* Begin PBXFileReference section */
		EFA4C8812D7AEC6C0081F7EB /* MovieAPICombine.app */ = {isa = PBXFileReference; explicitFileType = wrapper.application; includeInIndex = 0; path = MovieAPICombine.app; sourceTree = BUILT_PRODUCTS_DIR; };
		EFA4C8922D7AEC800081F7EB /* Preview Assets.xcassets */ = {isa = PBXFileReference; lastKnownFileType = folder.assetcatalog; path = "Preview Assets.xcassets"; sourceTree = "<group>"; };
		EFA4C8942D7AEC800081F7EB /* Assets.xcassets */ = {isa = PBXFileReference; lastKnownFileType = folder.assetcatalog; path = Assets.xcassets; sourceTree = "<group>"; };
		EFA4C8952D7AEC800081F7EB /* ContentView.swift */ = {isa = PBXFileReference; lastKnownFileType = sourcecode.swift; path = ContentView.swift; sourceTree = "<group>"; };
		EFA4C8962D7AEC800081F7EB /* MovieAPICombineApp.swift */ = {isa = PBXFileReference; lastKnownFileType = sourcecode.swift; path = MovieAPICombineApp.swift; sourceTree = "<group>"; };
		EFA4C89C2D7AECA40081F7EB /* Movie.swift */ = {isa = PBXFileReference; lastKnownFileType = sourcecode.swift; path = Movie.swift; sourceTree = "<group>"; };
		EFA4C89F2D7AECDE0081F7EB /* HTTPClient.swift */ = {isa = PBXFileReference; lastKnownFileType = sourcecode.swift; path = HTTPClient.swift; sourceTree = "<group>"; };
		EFA4C8A22D7AED060081F7EB /* String+Ext.swift */ = {isa = PBXFileReference; lastKnownFileType = sourcecode.swift; path = "String+Ext.swift"; sourceTree = "<group>"; };
		EFA4C8A52D7B005D0081F7EB /* .gitignore */ = {isa = PBXFileReference; lastKnownFileType = text; path = .gitignore; sourceTree = "<group>"; };
		EFA4C8A62D7B00890081F7EB /* Secrets.plist */ = {isa = PBXFileReference; lastKnownFileType = text.plist.xml; path = Secrets.plist; sourceTree = "<group>"; };
		EFA4C8A82D7B00CF0081F7EB /* APIKeys.swift */ = {isa = PBXFileReference; lastKnownFileType = sourcecode.swift; path = APIKeys.swift; sourceTree = "<group>"; };
/* End PBXFileReference section */

/* Begin PBXFrameworksBuildPhase section */
		EFA4C87E2D7AEC6C0081F7EB /* Frameworks */ = {
			isa = PBXFrameworksBuildPhase;
			buildActionMask = 2147483647;
			files = (
			);
			runOnlyForDeploymentPostprocessing = 0;
		};
/* End PBXFrameworksBuildPhase section */

/* Begin PBXGroup section */
		EFA4C8782D7AEC6C0081F7EB = {
			isa = PBXGroup;
			children = (
				EFA4C8A52D7B005D0081F7EB /* .gitignore */,
				EFA4C8972D7AEC800081F7EB /* MovieAPICombine */,
				EFA4C8822D7AEC6C0081F7EB /* Products */,
			);
			sourceTree = "<group>";
		};
		EFA4C8822D7AEC6C0081F7EB /* Products */ = {
			isa = PBXGroup;
			children = (
				EFA4C8812D7AEC6C0081F7EB /* MovieAPICombine.app */,
			);
			name = Products;
			sourceTree = "<group>";
		};
		EFA4C8932D7AEC800081F7EB /* Preview Content */ = {
			isa = PBXGroup;
			children = (
				EFA4C8922D7AEC800081F7EB /* Preview Assets.xcassets */,
			);
			path = "Preview Content";
			sourceTree = "<group>";
		};
		EFA4C8972D7AEC800081F7EB /* MovieAPICombine */ = {
			isa = PBXGroup;
			children = (
				EFA4C8A62D7B00890081F7EB /* Secrets.plist */,
				EFA4C8A32D7AED060081F7EB /* Extensions */,
				EFA4C8A02D7AECDE0081F7EB /* Clients */,
				EFA4C89D2D7AECA40081F7EB /* Models */,
				EFA4C8952D7AEC800081F7EB /* ContentView.swift */,
				EFA4C8962D7AEC800081F7EB /* MovieAPICombineApp.swift */,
				EFA4C8942D7AEC800081F7EB /* Assets.xcassets */,
				EFA4C8932D7AEC800081F7EB /* Preview Content */,
			);
			path = MovieAPICombine;
			sourceTree = "<group>";
		};
		EFA4C89D2D7AECA40081F7EB /* Models */ = {
			isa = PBXGroup;
			children = (
				EFA4C89C2D7AECA40081F7EB /* Movie.swift */,
			);
			path = Models;
			sourceTree = "<group>";
		};
		EFA4C8A02D7AECDE0081F7EB /* Clients */ = {
			isa = PBXGroup;
			children = (
				EFA4C89F2D7AECDE0081F7EB /* HTTPClient.swift */,
				EFA4C8A82D7B00CF0081F7EB /* APIKeys.swift */,
			);
			path = Clients;
			sourceTree = "<group>";
		};
		EFA4C8A32D7AED060081F7EB /* Extensions */ = {
			isa = PBXGroup;
			children = (
				EFA4C8A22D7AED060081F7EB /* String+Ext.swift */,
			);
			path = Extensions;
			sourceTree = "<group>";
		};
/* End PBXGroup section */

/* Begin PBXNativeTarget section */
		EFA4C8802D7AEC6C0081F7EB /* MovieAPICombine */ = {
			isa = PBXNativeTarget;
			buildConfigurationList = EFA4C88F2D7AEC6E0081F7EB /* Build configuration list for PBXNativeTarget "MovieAPICombine" */;
			buildPhases = (
				EFA4C87D2D7AEC6C0081F7EB /* Sources */,
				EFA4C87E2D7AEC6C0081F7EB /* Frameworks */,
				EFA4C87F2D7AEC6C0081F7EB /* Resources */,
			);
			buildRules = (
			);
			dependencies = (
			);
			name = MovieAPICombine;
			packageProductDependencies = (
			);
			productName = MovieAPICombine;
			productReference = EFA4C8812D7AEC6C0081F7EB /* MovieAPICombine.app */;
			productType = "com.apple.product-type.application";
		};
/* End PBXNativeTarget section */

/* Begin PBXProject section */
		EFA4C8792D7AEC6C0081F7EB /* Project object */ = {
			isa = PBXProject;
			attributes = {
				BuildIndependentTargetsInParallel = 1;
				LastSwiftUpdateCheck = 1620;
				LastUpgradeCheck = 1620;
				TargetAttributes = {
					EFA4C8802D7AEC6C0081F7EB = {
						CreatedOnToolsVersion = 16.2;
					};
				};
			};
			buildConfigurationList = EFA4C87C2D7AEC6C0081F7EB /* Build configuration list for PBXProject "MovieAPICombine" */;
			developmentRegion = en;
			hasScannedForEncodings = 0;
			knownRegions = (
				en,
				Base,
			);
			mainGroup = EFA4C8782D7AEC6C0081F7EB;
			minimizedProjectReferenceProxies = 1;
			preferredProjectObjectVersion = 77;
			productRefGroup = EFA4C8822D7AEC6C0081F7EB /* Products */;
			projectDirPath = "";
			projectRoot = "";
			targets = (
				EFA4C8802D7AEC6C0081F7EB /* MovieAPICombine */,
			);
		};
/* End PBXProject section */

/* Begin PBXResourcesBuildPhase section */
		EFA4C87F2D7AEC6C0081F7EB /* Resources */ = {
			isa = PBXResourcesBuildPhase;
			buildActionMask = 2147483647;
			files = (
				EFA4C89A2D7AEC800081F7EB /* Preview Assets.xcassets in Resources */,
				EFA4C8A72D7B00890081F7EB /* Secrets.plist in Resources */,
				EFA4C89B2D7AEC800081F7EB /* Assets.xcassets in Resources */,
			);
			runOnlyForDeploymentPostprocessing = 0;
		};
/* End PBXResourcesBuildPhase section */

/* Begin PBXSourcesBuildPhase section */
		EFA4C87D2D7AEC6C0081F7EB /* Sources */ = {
			isa = PBXSourcesBuildPhase;
			buildActionMask = 2147483647;
			files = (
				EFA4C8A92D7B00CF0081F7EB /* APIKeys.swift in Sources */,
				EFA4C8A42D7AED060081F7EB /* String+Ext.swift in Sources */,
				EFA4C8982D7AEC800081F7EB /* ContentView.swift in Sources */,
				EFA4C8992D7AEC800081F7EB /* MovieAPICombineApp.swift in Sources */,
				EFA4C8A12D7AECDE0081F7EB /* HTTPClient.swift in Sources */,
				EFA4C89E2D7AECA40081F7EB /* Movie.swift in Sources */,
			);
			runOnlyForDeploymentPostprocessing = 0;
		};
/* End PBXSourcesBuildPhase section */

/* Begin XCBuildConfiguration section */
		EFA4C88D2D7AEC6E0081F7EB /* Debug */ = {
			isa = XCBuildConfiguration;
			buildSettings = {
				ALWAYS_SEARCH_USER_PATHS = NO;
				ASSETCATALOG_COMPILER_GENERATE_SWIFT_ASSET_SYMBOL_EXTENSIONS = YES;
				CLANG_ANALYZER_NONNULL = YES;
				CLANG_ANALYZER_NUMBER_OBJECT_CONVERSION = YES_AGGRESSIVE;
				CLANG_CXX_LANGUAGE_STANDARD = "gnu++20";
				CLANG_ENABLE_MODULES = YES;
				CLANG_ENABLE_OBJC_ARC = YES;
				CLANG_ENABLE_OBJC_WEAK = YES;
				CLANG_WARN_BLOCK_CAPTURE_AUTORELEASING = YES;
				CLANG_WARN_BOOL_CONVERSION = YES;
				CLANG_WARN_COMMA = YES;
				CLANG_WARN_CONSTANT_CONVERSION = YES;
				CLANG_WARN_DEPRECATED_OBJC_IMPLEMENTATIONS = YES;
				CLANG_WARN_DIRECT_OBJC_ISA_USAGE = YES_ERROR;
				CLANG_WARN_DOCUMENTATION_COMMENTS = YES;
				CLANG_WARN_EMPTY_BODY = YES;
				CLANG_WARN_ENUM_CONVERSION = YES;
				CLANG_WARN_INFINITE_RECURSION = YES;
				CLANG_WARN_INT_CONVERSION = YES;
				CLANG_WARN_NON_LITERAL_NULL_CONVERSION = YES;
				CLANG_WARN_OBJC_IMPLICIT_RETAIN_SELF = YES;
				CLANG_WARN_OBJC_LITERAL_CONVERSION = YES;
				CLANG_WARN_OBJC_ROOT_CLASS = YES_ERROR;
				CLANG_WARN_QUOTED_INCLUDE_IN_FRAMEWORK_HEADER = YES;
				CLANG_WARN_RANGE_LOOP_ANALYSIS = YES;
				CLANG_WARN_STRICT_PROTOTYPES = YES;
				CLANG_WARN_SUSPICIOUS_MOVE = YES;
				CLANG_WARN_UNGUARDED_AVAILABILITY = YES_AGGRESSIVE;
				CLANG_WARN_UNREACHABLE_CODE = YES;
				CLANG_WARN__DUPLICATE_METHOD_MATCH = YES;
				COPY_PHASE_STRIP = NO;
				DEBUG_INFORMATION_FORMAT = dwarf;
				ENABLE_STRICT_OBJC_MSGSEND = YES;
				ENABLE_TESTABILITY = YES;
				ENABLE_USER_SCRIPT_SANDBOXING = YES;
				GCC_C_LANGUAGE_STANDARD = gnu17;
				GCC_DYNAMIC_NO_PIC = NO;
				GCC_NO_COMMON_BLOCKS = YES;
				GCC_OPTIMIZATION_LEVEL = 0;
				GCC_PREPROCESSOR_DEFINITIONS = (
					"DEBUG=1",
					"$(inherited)",
				);
				GCC_WARN_64_TO_32_BIT_CONVERSION = YES;
				GCC_WARN_ABOUT_RETURN_TYPE = YES_ERROR;
				GCC_WARN_UNDECLARED_SELECTOR = YES;
				GCC_WARN_UNINITIALIZED_AUTOS = YES_AGGRESSIVE;
				GCC_WARN_UNUSED_FUNCTION = YES;
				GCC_WARN_UNUSED_VARIABLE = YES;
				IPHONEOS_DEPLOYMENT_TARGET = 18.2;
				LOCALIZATION_PREFERS_STRING_CATALOGS = YES;
				MTL_ENABLE_DEBUG_INFO = INCLUDE_SOURCE;
				MTL_FAST_MATH = YES;
				ONLY_ACTIVE_ARCH = YES;
				SDKROOT = iphoneos;
				SWIFT_ACTIVE_COMPILATION_CONDITIONS = "DEBUG $(inherited)";
				SWIFT_OPTIMIZATION_LEVEL = "-Onone";
			};
			name = Debug;
		};
		EFA4C88E2D7AEC6E0081F7EB /* Release */ = {
			isa = XCBuildConfiguration;
			buildSettings = {
				ALWAYS_SEARCH_USER_PATHS = NO;
				ASSETCATALOG_COMPILER_GENERATE_SWIFT_ASSET_SYMBOL_EXTENSIONS = YES;
				CLANG_ANALYZER_NONNULL = YES;
				CLANG_ANALYZER_NUMBER_OBJECT_CONVERSION = YES_AGGRESSIVE;
				CLANG_CXX_LANGUAGE_STANDARD = "gnu++20";
				CLANG_ENABLE_MODULES = YES;
				CLANG_ENABLE_OBJC_ARC = YES;
				CLANG_ENABLE_OBJC_WEAK = YES;
				CLANG_WARN_BLOCK_CAPTURE_AUTORELEASING = YES;
				CLANG_WARN_BOOL_CONVERSION = YES;
				CLANG_WARN_COMMA = YES;
				CLANG_WARN_CONSTANT_CONVERSION = YES;
				CLANG_WARN_DEPRECATED_OBJC_IMPLEMENTATIONS = YES;
				CLANG_WARN_DIRECT_OBJC_ISA_USAGE = YES_ERROR;
				CLANG_WARN_DOCUMENTATION_COMMENTS = YES;
				CLANG_WARN_EMPTY_BODY = YES;
				CLANG_WARN_ENUM_CONVERSION = YES;
				CLANG_WARN_INFINITE_RECURSION = YES;
				CLANG_WARN_INT_CONVERSION = YES;
				CLANG_WARN_NON_LITERAL_NULL_CONVERSION = YES;
				CLANG_WARN_OBJC_IMPLICIT_RETAIN_SELF = YES;
				CLANG_WARN_OBJC_LITERAL_CONVERSION = YES;
				CLANG_WARN_OBJC_ROOT_CLASS = YES_ERROR;
				CLANG_WARN_QUOTED_INCLUDE_IN_FRAMEWORK_HEADER = YES;
				CLANG_WARN_RANGE_LOOP_ANALYSIS = YES;
				CLANG_WARN_STRICT_PROTOTYPES = YES;
				CLANG_WARN_SUSPICIOUS_MOVE = YES;
				CLANG_WARN_UNGUARDED_AVAILABILITY = YES_AGGRESSIVE;
				CLANG_WARN_UNREACHABLE_CODE = YES;
				CLANG_WARN__DUPLICATE_METHOD_MATCH = YES;
				COPY_PHASE_STRIP = NO;
				DEBUG_INFORMATION_FORMAT = "dwarf-with-dsym";
				ENABLE_NS_ASSERTIONS = NO;
				ENABLE_STRICT_OBJC_MSGSEND = YES;
				ENABLE_USER_SCRIPT_SANDBOXING = YES;
				GCC_C_LANGUAGE_STANDARD = gnu17;
				GCC_NO_COMMON_BLOCKS = YES;
				GCC_WARN_64_TO_32_BIT_CONVERSION = YES;
				GCC_WARN_ABOUT_RETURN_TYPE = YES_ERROR;
				GCC_WARN_UNDECLARED_SELECTOR = YES;
				GCC_WARN_UNINITIALIZED_AUTOS = YES_AGGRESSIVE;
				GCC_WARN_UNUSED_FUNCTION = YES;
				GCC_WARN_UNUSED_VARIABLE = YES;
				IPHONEOS_DEPLOYMENT_TARGET = 18.2;
				LOCALIZATION_PREFERS_STRING_CATALOGS = YES;
				MTL_ENABLE_DEBUG_INFO = NO;
				MTL_FAST_MATH = YES;
				SDKROOT = iphoneos;
				SWIFT_COMPILATION_MODE = wholemodule;
				VALIDATE_PRODUCT = YES;
			};
			name = Release;
		};
		EFA4C8902D7AEC6E0081F7EB /* Debug */ = {
			isa = XCBuildConfiguration;
			buildSettings = {
				ASSETCATALOG_COMPILER_APPICON_NAME = AppIcon;
				ASSETCATALOG_COMPILER_GLOBAL_ACCENT_COLOR_NAME = AccentColor;
				CODE_SIGN_STYLE = Automatic;
				CURRENT_PROJECT_VERSION = 1;
				DEVELOPMENT_ASSET_PATHS = "\"MovieAPICombine/Preview Content\"";
				DEVELOPMENT_TEAM = T9MD4URZFH;
				ENABLE_PREVIEWS = YES;
				GENERATE_INFOPLIST_FILE = YES;
				INFOPLIST_KEY_UIApplicationSceneManifest_Generation = YES;
				INFOPLIST_KEY_UIApplicationSupportsIndirectInputEvents = YES;
				INFOPLIST_KEY_UILaunchScreen_Generation = YES;
				INFOPLIST_KEY_UISupportedInterfaceOrientations_iPad = "UIInterfaceOrientationPortrait UIInterfaceOrientationPortraitUpsideDown UIInterfaceOrientationLandscapeLeft UIInterfaceOrientationLandscapeRight";
				INFOPLIST_KEY_UISupportedInterfaceOrientations_iPhone = "UIInterfaceOrientationPortrait UIInterfaceOrientationLandscapeLeft UIInterfaceOrientationLandscapeRight";
				LD_RUNPATH_SEARCH_PATHS = (
					"$(inherited)",
					"@executable_path/Frameworks",
				);
				MARKETING_VERSION = 1.0;
				PRODUCT_BUNDLE_IDENTIFIER = com.superkookai.MovieAPICombine;
				PRODUCT_NAME = "$(TARGET_NAME)";
				SWIFT_EMIT_LOC_STRINGS = YES;
				SWIFT_VERSION = 5.0;
				TARGETED_DEVICE_FAMILY = "1,2";
			};
			name = Debug;
		};
		EFA4C8912D7AEC6E0081F7EB /* Release */ = {
			isa = XCBuildConfiguration;
			buildSettings = {
				ASSETCATALOG_COMPILER_APPICON_NAME = AppIcon;
				ASSETCATALOG_COMPILER_GLOBAL_ACCENT_COLOR_NAME = AccentColor;
				CODE_SIGN_STYLE = Automatic;
				CURRENT_PROJECT_VERSION = 1;
				DEVELOPMENT_ASSET_PATHS = "\"MovieAPICombine/Preview Content\"";
				DEVELOPMENT_TEAM = T9MD4URZFH;
				ENABLE_PREVIEWS = YES;
				GENERATE_INFOPLIST_FILE = YES;
				INFOPLIST_KEY_UIApplicationSceneManifest_Generation = YES;
				INFOPLIST_KEY_UIApplicationSupportsIndirectInputEvents = YES;
				INFOPLIST_KEY_UILaunchScreen_Generation = YES;
				INFOPLIST_KEY_UISupportedInterfaceOrientations_iPad = "UIInterfaceOrientationPortrait UIInterfaceOrientationPortraitUpsideDown UIInterfaceOrientationLandscapeLeft UIInterfaceOrientationLandscapeRight";
				INFOPLIST_KEY_UISupportedInterfaceOrientations_iPhone = "UIInterfaceOrientationPortrait UIInterfaceOrientationLandscapeLeft UIInterfaceOrientationLandscapeRight";
				LD_RUNPATH_SEARCH_PATHS = (
					"$(inherited)",
					"@executable_path/Frameworks",
				);
				MARKETING_VERSION = 1.0;
				PRODUCT_BUNDLE_IDENTIFIER = com.superkookai.MovieAPICombine;
				PRODUCT_NAME = "$(TARGET_NAME)";
				SWIFT_EMIT_LOC_STRINGS = YES;
				SWIFT_VERSION = 5.0;
				TARGETED_DEVICE_FAMILY = "1,2";
			};
			name = Release;
		};
/* End XCBuildConfiguration section */

/* Begin XCConfigurationList section */
		EFA4C87C2D7AEC6C0081F7EB /* Build configuration list for PBXProject "MovieAPICombine" */ = {
			isa = XCConfigurationList;
			buildConfigurations = (
				EFA4C88D2D7AEC6E0081F7EB /* Debug */,
				EFA4C88E2D7AEC6E0081F7EB /* Release */,
			);
			defaultConfigurationIsVisible = 0;
			defaultConfigurationName = Release;
		};
		EFA4C88F2D7AEC6E0081F7EB /* Build configuration list for PBXNativeTarget "MovieAPICombine" */ = {
			isa = XCConfigurationList;
			buildConfigurations = (
				EFA4C8902D7AEC6E0081F7EB /* Debug */,
				EFA4C8912D7AEC6E0081F7EB /* Release */,
			);
			defaultConfigurationIsVisible = 0;
			defaultConfigurationName = Release;
		};
/* End XCConfigurationList section */
	};
	rootObject = EFA4C8792D7AEC6C0081F7EB /* Project object */;
}
